hash: 9270692eeb0966cfa812fb4b3c70330e4f330168a2fe7eec42a69dcf7dbd1bc5
updated: 2017-08-14T17:13:11.577390857+09:00
imports:
- name: github.com/gorilla/websocket
  version: ea4d1f681babbce9545c9c5f3d5194a789c89f5b
- name: goji.io
  version: 0d89ff54b2c18c9c4ba530e32496aef902d3c6cd
  subpackages:
  - internal
  - pattern
devImports: []
